# This file is automatically @generated by Poetry 1.7.1 and should not be changed by hand.

[[package]]
name = "joblib"
version = "1.4.2"
description = "Lightweight pipelining with Python functions"
optional = false
python-versions = ">=3.8"
files = [
    {file = "joblib-1.4.2-py3-none-any.whl", hash = "sha256:06d478d5674cbc267e7496a410ee875abd68e4340feff4490bcb7afb88060ae6"},
    {file = "joblib-1.4.2.tar.gz", hash = "sha256:2382c5816b2636fbd20a09e0f4e9dad4736765fdfb7dca582943b9c1366b3f0e"},
]

[metadata]
lock-version = "2.0"
python-versions = "^3.10"
content-hash = "f5a14f03fca403fda81bb90f060109642a8b5db1202bb4ab2502f1a513df15fb"
